
Microsoft Visual Studio Solution File, Format Version 12.00
# Visual Studio 15
VisualStudioVersion = 15.0.28307.852
MinimumVisualStudioVersion = 10.0.40219.1
Project("{FAE04EC0-301F-11D3-BF4B-00C04F79EFBC}") = "VendingMachinePOC", "VendingMachinePOC\VendingMachinePOC.csproj", "{56352222-3A15-4313-AD8A-5DE284ACF83B}"
EndProject
Global
	GlobalSection(SolutionConfigurationPlatforms) = preSolution
		Debug|Any CPU = Debug|Any CPU
		Release|Any CPU = Release|Any CPU
	EndGlobalSection
	GlobalSection(ProjectConfigurationPlatforms) = postSolution
		{56352222-3A15-4313-AD8A-5DE284ACF83B}.Debug|Any CPU.ActiveCfg = Debug|Any CPU
		{56352222-3A15-4313-AD8A-5DE284ACF83B}.Debug|Any CPU.Build.0 = Debug|Any CPU
		{56352222-3A15-4313-AD8A-5DE284ACF83B}.Release|Any CPU.ActiveCfg = Release|Any CPU
		{56352222-3A15-4313-AD8A-5DE284ACF83B}.Release|Any CPU.Build.0 = Release|Any CPU
	EndGlobalSection
	GlobalSection(SolutionProperties) = preSolution
		HideSolutionNode = FALSE
	EndGlobalSection
	GlobalSection(ExtensibilityGlobals) = postSolution
		SolutionGuid = {0218C1FA-2820-408A-94B1-B9F45A28B59C}
	EndGlobalSection
EndGlobal
